%{
  "cachex": {:hex, :cachex, "3.3.0", "6f2ebb8f27491fe39121bd207c78badc499214d76c695658b19d6079beeca5c2", [:mix], [{:eternal, "~> 1.2", [hex: :eternal, repo: "hexpm", optional: false]}, {:jumper, "~> 1.0", [hex: :jumper, repo: "hexpm", optional: false]}, {:sleeplocks, "~> 1.1", [hex: :sleeplocks, repo: "hexpm", optional: false]}, {:unsafe, "~> 1.0", [hex: :unsafe, repo: "hexpm", optional: false]}], "hexpm", "d90e5ee1dde14cef33f6b187af4335b88748b72b30c038969176cd4e6ccc31a1"},
  "castore": {:hex, :castore, "0.1.8", "1b61eaba71bb755b756ac42d4741f4122f8beddb92456a84126d6177ec0af1fc", [:mix], [], "hexpm", "23ab8305baadb057bc689adc0088309f808cb2247dc9a48b87849bb1d242bb6c"},
  "earmark_parser": {:hex, :earmark_parser, "1.4.10", "6603d7a603b9c18d3d20db69921527f82ef09990885ed7525003c7fe7dc86c56", [:mix], [], "hexpm", "8e2d5370b732385db2c9b22215c3f59c84ac7dda7ed7e544d7c459496ae519c0"},
  "eternal": {:hex, :eternal, "1.2.1", "d5b6b2499ba876c57be2581b5b999ee9bdf861c647401066d3eeed111d096bc4", [:mix], [], "hexpm", "b14f1dc204321429479c569cfbe8fb287541184ed040956c8862cb7a677b8406"},
  "ex_doc": {:hex, :ex_doc, "0.23.0", "a069bc9b0bf8efe323ecde8c0d62afc13d308b1fa3d228b65bca5cf8703a529d", [:mix], [{:earmark_parser, "~> 1.4.0", [hex: :earmark_parser, repo: "hexpm", optional: false]}, {:makeup_elixir, "~> 0.14", [hex: :makeup_elixir, repo: "hexpm", optional: false]}], "hexpm", "f5e2c4702468b2fd11b10d39416ddadd2fcdd173ba2a0285ebd92c39827a5a16"},
  "jason": {:hex, :jason, "1.2.2", "ba43e3f2709fd1aa1dce90aaabfd039d000469c05c56f0b8e31978e03fa39052", [:mix], [{:decimal, "~> 1.0 or ~> 2.0", [hex: :decimal, repo: "hexpm", optional: true]}], "hexpm", "18a228f5f0058ee183f29f9eae0805c6e59d61c3b006760668d8d18ff0d12179"},
  "jumper": {:hex, :jumper, "1.0.1", "3c00542ef1a83532b72269fab9f0f0c82bf23a35e27d278bfd9ed0865cecabff", [:mix], [], "hexpm", "318c59078ac220e966d27af3646026db9b5a5e6703cb2aa3e26bcfaba65b7433"},
  "makeup": {:hex, :makeup, "1.0.5", "d5a830bc42c9800ce07dd97fa94669dfb93d3bf5fcf6ea7a0c67b2e0e4a7f26c", [:mix], [{:nimble_parsec, "~> 0.5 or ~> 1.0", [hex: :nimble_parsec, repo: "hexpm", optional: false]}], "hexpm", "cfa158c02d3f5c0c665d0af11512fed3fba0144cf1aadee0f2ce17747fba2ca9"},
  "makeup_elixir": {:hex, :makeup_elixir, "0.15.0", "98312c9f0d3730fde4049985a1105da5155bfe5c11e47bdc7406d88e01e4219b", [:mix], [{:makeup, "~> 1.0", [hex: :makeup, repo: "hexpm", optional: false]}, {:nimble_parsec, "~> 1.1", [hex: :nimble_parsec, repo: "hexpm", optional: false]}], "hexpm", "75ffa34ab1056b7e24844c90bfc62aaf6f3a37a15faa76b07bc5eba27e4a8b4a"},
  "mint": {:hex, :mint, "1.2.0", "65e9d75c60c456a5fb1b800febb88f061f56157d103d755b99fcaeaeb3e956f3", [:mix], [{:castore, "~> 0.1.0", [hex: :castore, repo: "hexpm", optional: true]}], "hexpm", "19cbb3a5be91b7df4a35377ba94b26199481a541add055cf5d1d4299b55125ab"},
  "mojito": {:hex, :mojito, "0.7.3", "7356f3b7697d79520a243b48cf0bf8bd1152b2e9cdb6ff7cf22cd0769f32dd40", [:mix], [{:castore, "~> 0.1", [hex: :castore, repo: "hexpm", optional: false]}, {:mint, "~> 1.0", [hex: :mint, repo: "hexpm", optional: false]}, {:poolboy, "~> 1.5", [hex: :poolboy, repo: "hexpm", optional: false]}], "hexpm", "433479d8ef1c882fafe864ac6d7b08249f321fc46bdcc8db78691bc1ddcf234a"},
  "nimble_parsec": {:hex, :nimble_parsec, "1.1.0", "3a6fca1550363552e54c216debb6a9e95bd8d32348938e13de5eda962c0d7f89", [:mix], [], "hexpm", "08eb32d66b706e913ff748f11694b17981c0b04a33ef470e33e11b3d3ac8f54b"},
  "poolboy": {:hex, :poolboy, "1.5.2", "392b007a1693a64540cead79830443abf5762f5d30cf50bc95cb2c1aaafa006b", [:rebar3], [], "hexpm", "dad79704ce5440f3d5a3681c8590b9dc25d1a561e8f5a9c995281012860901e3"},
  "sleeplocks": {:hex, :sleeplocks, "1.1.1", "3d462a0639a6ef36cc75d6038b7393ae537ab394641beb59830a1b8271faeed3", [:rebar3], [], "hexpm", "84ee37aeff4d0d92b290fff986d6a95ac5eedf9b383fadfd1d88e9b84a1c02e1"},
  "unsafe": {:hex, :unsafe, "1.0.1", "a27e1874f72ee49312e0a9ec2e0b27924214a05e3ddac90e91727bc76f8613d8", [:mix], [], "hexpm", "6c7729a2d214806450d29766abc2afaa7a2cbecf415be64f36a6691afebb50e5"},
}
